// !$*UTF8*$!
{
	archiveVersion = 1;
	classes = {
	};
	objectVersion = 77;
	objects = {

/* Begin PBXBuildFile section */
		2C86F7362E17609500003D84 /* Assets.xcassets in Resources */ = {isa = PBXBuildFile; fileRef = 2C86F72D2E17609500003D84 /* Assets.xcassets */; };
		2C86F7382E17609500003D84 /* LaunchScreen.storyboard in Resources */ = {isa = PBXBuildFile; fileRef = 2C86F7302E17609500003D84 /* LaunchScreen.storyboard */; };
		2C86F7392E17609500003D84 /* Main.storyboard in Resources */ = {isa = PBXBuildFile; fileRef = 2C86F7322E17609500003D84 /* Main.storyboard */; };
		2C86F73A2E17609500003D84 /* AppDelegate.swift in Sources */ = {isa = PBXBuildFile; fileRef = 2C86F72C2E17609500003D84 /* AppDelegate.swift */; };
		2C86F73B2E17609500003D84 /* SceneDelegate.swift in Sources */ = {isa = PBXBuildFile; fileRef = 2C86F7332E17609500003D84 /* SceneDelegate.swift */; };
		2C86F73C2E17609500003D84 /* ViewController.swift in Sources */ = {isa = PBXBuildFile; fileRef = 2C86F7342E17609500003D84 /* ViewController.swift */; };
		2C86F7432E17620E00003D84 /* FirstVC.xib in Resources */ = {isa = PBXBuildFile; fileRef = 2C86F7422E17620E00003D84 /* FirstVC.xib */; };
		2C86F7442E17620E00003D84 /* FirstVC.swift in Sources */ = {isa = PBXBuildFile; fileRef = 2C86F7412E17620E00003D84 /* FirstVC.swift */; };
		2C86F7482E17622F00003D84 /* SecondVC.xib in Resources */ = {isa = PBXBuildFile; fileRef = 2C86F7462E17622F00003D84 /* SecondVC.xib */; };
		2C86F7492E17622F00003D84 /* SecondVC.swift in Sources */ = {isa = PBXBuildFile; fileRef = 2C86F7452E17622F00003D84 /* SecondVC.swift */; };
		2C86F74F2E1762AF00003D84 /* ColectionCellObject.swift in Sources */ = {isa = PBXBuildFile; fileRef = 2C86F74A2E1762AF00003D84 /* ColectionCellObject.swift */; };
		2C86F7542E176C9E00003D84 /* CollectionViewCell.xib in Resources */ = {isa = PBXBuildFile; fileRef = 2C86F7532E176C9E00003D84 /* CollectionViewCell.xib */; };
		2C86F7552E176C9E00003D84 /* CollectionViewCell.swift in Sources */ = {isa = PBXBuildFile; fileRef = 2C86F7522E176C9E00003D84 /* CollectionViewCell.swift */; };
		2C86F75A2E17782900003D84 /* FourthVC.swift in Sources */ = {isa = PBXBuildFile; fileRef = 2C86F7572E17782900003D84 /* FourthVC.swift */; };
		2C86F75B2E17782900003D84 /* FourthVC.xib in Resources */ = {isa = PBXBuildFile; fileRef = 2C86F7582E17782900003D84 /* FourthVC.xib */; };
		2C86F7682E17802400003D84 /* ThirdVC.xib in Resources */ = {isa = PBXBuildFile; fileRef = 2C86F7672E17802400003D84 /* ThirdVC.xib */; };
		2C86F7692E17802400003D84 /* ThirdVC.swift in Sources */ = {isa = PBXBuildFile; fileRef = 2C86F7662E17802400003D84 /* ThirdVC.swift */; };
		2C86F76C2E17DE8600003D84 /* SettingsVC.swift in Sources */ = {isa = PBXBuildFile; fileRef = 2C86F76A2E17DE8600003D84 /* SettingsVC.swift */; };
		2C86F76D2E17DE8600003D84 /* SettingsVC.xib in Resources */ = {isa = PBXBuildFile; fileRef = 2C86F76B2E17DE8600003D84 /* SettingsVC.xib */; };
		2C86F7712E17E24E00003D84 /* SettingsCell.swift in Sources */ = {isa = PBXBuildFile; fileRef = 2C86F76F2E17E24E00003D84 /* SettingsCell.swift */; };
		2C86F7722E17E24E00003D84 /* SettingsCell.xib in Resources */ = {isa = PBXBuildFile; fileRef = 2C86F7702E17E24E00003D84 /* SettingsCell.xib */; };
		2C86F79D2E17E5F700003D84 /* SettingsCellObject.swift in Sources */ = {isa = PBXBuildFile; fileRef = 2C86F79C2E17E5F700003D84 /* SettingsCellObject.swift */; };
		2C86F7A22E17F73900003D84 /* InformationVC.swift in Sources */ = {isa = PBXBuildFile; fileRef = 2C86F7A02E17F73900003D84 /* InformationVC.swift */; };
		2C86F7A32E17F73900003D84 /* InformationVC.xib in Resources */ = {isa = PBXBuildFile; fileRef = 2C86F7A12E17F73900003D84 /* InformationVC.xib */; };
		2C86F7A72E17F75800003D84 /* CustomView.swift in Sources */ = {isa = PBXBuildFile; fileRef = 2C86F7A42E17F75800003D84 /* CustomView.swift */; };
		2C86F7A82E17F75800003D84 /* CustomView.xib in Resources */ = {isa = PBXBuildFile; fileRef = 2C86F7A52E17F75800003D84 /* CustomView.xib */; };
		2C86F7AE2E17F87C00003D84 /* ProfileObject.swift in Sources */ = {isa = PBXBuildFile; fileRef = 2C86F7AD2E17F87C00003D84 /* ProfileObject.swift */; };
		2C86F7B12E17F88B00003D84 /* ProfileVC.swift in Sources */ = {isa = PBXBuildFile; fileRef = 2C86F7AF2E17F88B00003D84 /* ProfileVC.swift */; };
		2C86F7B22E17F88B00003D84 /* ProfileVC.xib in Resources */ = {isa = PBXBuildFile; fileRef = 2C86F7B02E17F88B00003D84 /* ProfileVC.xib */; };
		2C86F7B52E1AAB3700003D84 /* ReportVC.swift in Sources */ = {isa = PBXBuildFile; fileRef = 2C86F7B32E1AAB3700003D84 /* ReportVC.swift */; };
		2C86F7B62E1AAB3700003D84 /* ReportVC.xib in Resources */ = {isa = PBXBuildFile; fileRef = 2C86F7B42E1AAB3700003D84 /* ReportVC.xib */; };
		2C86F7BB2E1AF26B00003D84 /* InputVC.swift in Sources */ = {isa = PBXBuildFile; fileRef = 2C86F7B92E1AF26B00003D84 /* InputVC.swift */; };
		2C86F7BC2E1AF26B00003D84 /* InputVC.xib in Resources */ = {isa = PBXBuildFile; fileRef = 2C86F7BA2E1AF26B00003D84 /* InputVC.xib */; };
		2C86F7C02E1AF31F00003D84 /* ReportCell.swift in Sources */ = {isa = PBXBuildFile; fileRef = 2C86F7BE2E1AF31F00003D84 /* ReportCell.swift */; };
		2C86F7C12E1AF31F00003D84 /* ReportCell.xib in Resources */ = {isa = PBXBuildFile; fileRef = 2C86F7BF2E1AF31F00003D84 /* ReportCell.xib */; };
		2C86F7C42E1AF34100003D84 /* TrackDailyCell.swift in Sources */ = {isa = PBXBuildFile; fileRef = 2C86F7C22E1AF34100003D84 /* TrackDailyCell.swift */; };
		2C86F7C52E1AF34100003D84 /* TrackDailyCell.xib in Resources */ = {isa = PBXBuildFile; fileRef = 2C86F7C32E1AF34100003D84 /* TrackDailyCell.xib */; };
		2C86F7CA2E1AF46400003D84 /* HealthGuruObject.swift in Sources */ = {isa = PBXBuildFile; fileRef = 2C86F7C92E1AF45C00003D84 /* HealthGuruObject.swift */; };
		2C86F7CE2E1B322900003D84 /* TabBarController.swift in Sources */ = {isa = PBXBuildFile; fileRef = 2C86F7CC2E1B322900003D84 /* TabBarController.swift */; };
		2C86F7D12E1B357100003D84 /* TabBarAppearance.swift in Sources */ = {isa = PBXBuildFile; fileRef = 2C86F7D02E1B357100003D84 /* TabBarAppearance.swift */; };
		2C91A2172E4C36110026A073 /* DeleteAlertVC.xib in Resources */ = {isa = PBXBuildFile; fileRef = 2C91A2162E4C36110026A073 /* DeleteAlertVC.xib */; };
		2C91A2182E4C36110026A073 /* DeleteAlertVC.swift in Sources */ = {isa = PBXBuildFile; fileRef = 2C91A2152E4C36110026A073 /* DeleteAlertVC.swift */; };
		2CE2A42A2E4B2E7800DBF3AF /* RealmManager.swift in Sources */ = {isa = PBXBuildFile; fileRef = 2CE2A4292E4B2E7200DBF3AF /* RealmManager.swift */; };
		2CEE91452E248D840025992F /* IntroVC.swift in Sources */ = {isa = PBXBuildFile; fileRef = 2CEE91432E248D840025992F /* IntroVC.swift */; };
		2CEE91482E248F120025992F /* IntroVC.xib in Resources */ = {isa = PBXBuildFile; fileRef = 2CEE91472E248F120025992F /* IntroVC.xib */; };
		2CEE914C2E2490290025992F /* NestedCollectionViewCell.swift in Sources */ = {isa = PBXBuildFile; fileRef = 2CEE914A2E2490290025992F /* NestedCollectionViewCell.swift */; };
		2CEE914D2E2490290025992F /* NestedCollectionViewCell.xib in Resources */ = {isa = PBXBuildFile; fileRef = 2CEE914B2E2490290025992F /* NestedCollectionViewCell.xib */; };
		CF34F4F7BD19C28B798EF3C1 /* Pods_EF25HealthApp.framework in Frameworks */ = {isa = PBXBuildFile; fileRef = 6F7EA58D5DC1ADC9956ACCDB /* Pods_EF25HealthApp.framework */; };
/* End PBXBuildFile section */

/* Begin PBXFileReference section */
		2C86F7142E17605D00003D84 /* EF25HealthApp.app */ = {isa = PBXFileReference; explicitFileType = wrapper.application; includeInIndex = 0; path = EF25HealthApp.app; sourceTree = BUILT_PRODUCTS_DIR; };
		2C86F72C2E17609500003D84 /* AppDelegate.swift */ = {isa = PBXFileReference; lastKnownFileType = sourcecode.swift; path = AppDelegate.swift; sourceTree = "<group>"; };
		2C86F72D2E17609500003D84 /* Assets.xcassets */ = {isa = PBXFileReference; lastKnownFileType = folder.assetcatalog; path = Assets.xcassets; sourceTree = "<group>"; };
		2C86F72E2E17609500003D84 /* Info.plist */ = {isa = PBXFileReference; lastKnownFileType = text.plist.xml; path = Info.plist; sourceTree = "<group>"; };
		2C86F72F2E17609500003D84 /* Base */ = {isa = PBXFileReference; lastKnownFileType = file.storyboard; name = Base; path = Base.lproj/LaunchScreen.storyboard; sourceTree = "<group>"; };
		2C86F7312E17609500003D84 /* Base */ = {isa = PBXFileReference; lastKnownFileType = file.storyboard; name = Base; path = Base.lproj/Main.storyboard; sourceTree = "<group>"; };
		2C86F7332E17609500003D84 /* SceneDelegate.swift */ = {isa = PBXFileReference; lastKnownFileType = sourcecode.swift; path = SceneDelegate.swift; sourceTree = "<group>"; };
		2C86F7342E17609500003D84 /* ViewController.swift */ = {isa = PBXFileReference; lastKnownFileType = sourcecode.swift; path = ViewController.swift; sourceTree = "<group>"; };
		2C86F7412E17620E00003D84 /* FirstVC.swift */ = {isa = PBXFileReference; lastKnownFileType = sourcecode.swift; path = FirstVC.swift; sourceTree = "<group>"; };
		2C86F7422E17620E00003D84 /* FirstVC.xib */ = {isa = PBXFileReference; lastKnownFileType = file.xib; path = FirstVC.xib; sourceTree = "<group>"; };
		2C86F7452E17622F00003D84 /* SecondVC.swift */ = {isa = PBXFileReference; lastKnownFileType = sourcecode.swift; path = SecondVC.swift; sourceTree = "<group>"; };
		2C86F7462E17622F00003D84 /* SecondVC.xib */ = {isa = PBXFileReference; lastKnownFileType = file.xib; path = SecondVC.xib; sourceTree = "<group>"; };
		2C86F74A2E1762AF00003D84 /* ColectionCellObject.swift */ = {isa = PBXFileReference; lastKnownFileType = sourcecode.swift; path = ColectionCellObject.swift; sourceTree = "<group>"; };
		2C86F7522E176C9E00003D84 /* CollectionViewCell.swift */ = {isa = PBXFileReference; lastKnownFileType = sourcecode.swift; path = CollectionViewCell.swift; sourceTree = "<group>"; };
		2C86F7532E176C9E00003D84 /* CollectionViewCell.xib */ = {isa = PBXFileReference; lastKnownFileType = file.xib; path = CollectionViewCell.xib; sourceTree = "<group>"; };
		2C86F7572E17782900003D84 /* FourthVC.swift */ = {isa = PBXFileReference; lastKnownFileType = sourcecode.swift; path = FourthVC.swift; sourceTree = "<group>"; };
		2C86F7582E17782900003D84 /* FourthVC.xib */ = {isa = PBXFileReference; lastKnownFileType = file.xib; path = FourthVC.xib; sourceTree = "<group>"; };
		2C86F7662E17802400003D84 /* ThirdVC.swift */ = {isa = PBXFileReference; lastKnownFileType = sourcecode.swift; path = ThirdVC.swift; sourceTree = "<group>"; };
		2C86F7672E17802400003D84 /* ThirdVC.xib */ = {isa = PBXFileReference; lastKnownFileType = file.xib; path = ThirdVC.xib; sourceTree = "<group>"; };
		2C86F76A2E17DE8600003D84 /* SettingsVC.swift */ = {isa = PBXFileReference; lastKnownFileType = sourcecode.swift; path = SettingsVC.swift; sourceTree = "<group>"; };
		2C86F76B2E17DE8600003D84 /* SettingsVC.xib */ = {isa = PBXFileReference; lastKnownFileType = file.xib; path = SettingsVC.xib; sourceTree = "<group>"; };
		2C86F76F2E17E24E00003D84 /* SettingsCell.swift */ = {isa = PBXFileReference; lastKnownFileType = sourcecode.swift; path = SettingsCell.swift; sourceTree = "<group>"; };
		2C86F7702E17E24E00003D84 /* SettingsCell.xib */ = {isa = PBXFileReference; lastKnownFileType = file.xib; path = SettingsCell.xib; sourceTree = "<group>"; };
		2C86F79C2E17E5F700003D84 /* SettingsCellObject.swift */ = {isa = PBXFileReference; lastKnownFileType = sourcecode.swift; path = SettingsCellObject.swift; sourceTree = "<group>"; };
		2C86F7A02E17F73900003D84 /* InformationVC.swift */ = {isa = PBXFileReference; lastKnownFileType = sourcecode.swift; path = InformationVC.swift; sourceTree = "<group>"; };
		2C86F7A12E17F73900003D84 /* InformationVC.xib */ = {isa = PBXFileReference; lastKnownFileType = file.xib; path = InformationVC.xib; sourceTree = "<group>"; };
		2C86F7A42E17F75800003D84 /* CustomView.swift */ = {isa = PBXFileReference; lastKnownFileType = sourcecode.swift; path = CustomView.swift; sourceTree = "<group>"; };
		2C86F7A52E17F75800003D84 /* CustomView.xib */ = {isa = PBXFileReference; lastKnownFileType = file.xib; path = CustomView.xib; sourceTree = "<group>"; };
		2C86F7AD2E17F87C00003D84 /* ProfileObject.swift */ = {isa = PBXFileReference; lastKnownFileType = sourcecode.swift; path = ProfileObject.swift; sourceTree = "<group>"; };
		2C86F7AF2E17F88B00003D84 /* ProfileVC.swift */ = {isa = PBXFileReference; lastKnownFileType = sourcecode.swift; path = ProfileVC.swift; sourceTree = "<group>"; };
		2C86F7B02E17F88B00003D84 /* ProfileVC.xib */ = {isa = PBXFileReference; lastKnownFileType = file.xib; path = ProfileVC.xib; sourceTree = "<group>"; };
		2C86F7B32E1AAB3700003D84 /* ReportVC.swift */ = {isa = PBXFileReference; lastKnownFileType = sourcecode.swift; path = ReportVC.swift; sourceTree = "<group>"; };
		2C86F7B42E1AAB3700003D84 /* ReportVC.xib */ = {isa = PBXFileReference; lastKnownFileType = file.xib; path = ReportVC.xib; sourceTree = "<group>"; };
		2C86F7B92E1AF26B00003D84 /* InputVC.swift */ = {isa = PBXFileReference; lastKnownFileType = sourcecode.swift; path = InputVC.swift; sourceTree = "<group>"; };
		2C86F7BA2E1AF26B00003D84 /* InputVC.xib */ = {isa = PBXFileReference; lastKnownFileType = file.xib; path = InputVC.xib; sourceTree = "<group>"; };
		2C86F7BE2E1AF31F00003D84 /* ReportCell.swift */ = {isa = PBXFileReference; lastKnownFileType = sourcecode.swift; path = ReportCell.swift; sourceTree = "<group>"; };
		2C86F7BF2E1AF31F00003D84 /* ReportCell.xib */ = {isa = PBXFileReference; lastKnownFileType = file.xib; path = ReportCell.xib; sourceTree = "<group>"; };
		2C86F7C22E1AF34100003D84 /* TrackDailyCell.swift */ = {isa = PBXFileReference; lastKnownFileType = sourcecode.swift; path = TrackDailyCell.swift; sourceTree = "<group>"; };
		2C86F7C32E1AF34100003D84 /* TrackDailyCell.xib */ = {isa = PBXFileReference; lastKnownFileType = file.xib; path = TrackDailyCell.xib; sourceTree = "<group>"; };
		2C86F7C92E1AF45C00003D84 /* HealthGuruObject.swift */ = {isa = PBXFileReference; lastKnownFileType = sourcecode.swift; path = HealthGuruObject.swift; sourceTree = "<group>"; };
		2C86F7CC2E1B322900003D84 /* TabBarController.swift */ = {isa = PBXFileReference; lastKnownFileType = sourcecode.swift; path = TabBarController.swift; sourceTree = "<group>"; };
		2C86F7D02E1B357100003D84 /* TabBarAppearance.swift */ = {isa = PBXFileReference; lastKnownFileType = sourcecode.swift; path = TabBarAppearance.swift; sourceTree = "<group>"; };
		2C91A2152E4C36110026A073 /* DeleteAlertVC.swift */ = {isa = PBXFileReference; lastKnownFileType = sourcecode.swift; path = DeleteAlertVC.swift; sourceTree = "<group>"; };
		2C91A2162E4C36110026A073 /* DeleteAlertVC.xib */ = {isa = PBXFileReference; lastKnownFileType = file.xib; path = DeleteAlertVC.xib; sourceTree = "<group>"; };
		2CE2A4292E4B2E7200DBF3AF /* RealmManager.swift */ = {isa = PBXFileReference; lastKnownFileType = sourcecode.swift; path = RealmManager.swift; sourceTree = "<group>"; };
		2CEE91432E248D840025992F /* IntroVC.swift */ = {isa = PBXFileReference; lastKnownFileType = sourcecode.swift; path = IntroVC.swift; sourceTree = "<group>"; };
		2CEE91472E248F120025992F /* IntroVC.xib */ = {isa = PBXFileReference; lastKnownFileType = file.xib; path = IntroVC.xib; sourceTree = "<group>"; };
		2CEE914A2E2490290025992F /* NestedCollectionViewCell.swift */ = {isa = PBXFileReference; lastKnownFileType = sourcecode.swift; path = NestedCollectionViewCell.swift; sourceTree = "<group>"; };
		2CEE914B2E2490290025992F /* NestedCollectionViewCell.xib */ = {isa = PBXFileReference; lastKnownFileType = file.xib; path = NestedCollectionViewCell.xib; sourceTree = "<group>"; };
		6F7EA58D5DC1ADC9956ACCDB /* Pods_EF25HealthApp.framework */ = {isa = PBXFileReference; explicitFileType = wrapper.framework; includeInIndex = 0; path = Pods_EF25HealthApp.framework; sourceTree = BUILT_PRODUCTS_DIR; };
		CF1D77C8D8CEDF167EECE8CA /* Pods-EF25HealthApp.debug.xcconfig */ = {isa = PBXFileReference; includeInIndex = 1; lastKnownFileType = text.xcconfig; name = "Pods-EF25HealthApp.debug.xcconfig"; path = "Target Support Files/Pods-EF25HealthApp/Pods-EF25HealthApp.debug.xcconfig"; sourceTree = "<group>"; };
		F590F3EFA94637B02D7112EB /* Pods-EF25HealthApp.release.xcconfig */ = {isa = PBXFileReference; includeInIndex = 1; lastKnownFileType = text.xcconfig; name = "Pods-EF25HealthApp.release.xcconfig"; path = "Target Support Files/Pods-EF25HealthApp/Pods-EF25HealthApp.release.xcconfig"; sourceTree = "<group>"; };
/* End PBXFileReference section */

/* Begin PBXFrameworksBuildPhase section */
		2C86F7112E17605D00003D84 /* Frameworks */ = {
			isa = PBXFrameworksBuildPhase;
			buildActionMask = 2147483647;
			files = (
				CF34F4F7BD19C28B798EF3C1 /* Pods_EF25HealthApp.framework in Frameworks */,
			);
			runOnlyForDeploymentPostprocessing = 0;
		};
/* End PBXFrameworksBuildPhase section */

/* Begin PBXGroup section */
		2C86F70B2E17605D00003D84 = {
			isa = PBXGroup;
			children = (
				2C86F7352E17609500003D84 /* EF25HealthApp */,
				2C86F7152E17605D00003D84 /* Products */,
				2F62A941319E5F3AFC3C215A /* Pods */,
				3AD6051B8C9F4F0EEC3540B2 /* Frameworks */,
			);
			sourceTree = "<group>";
		};
		2C86F7152E17605D00003D84 /* Products */ = {
			isa = PBXGroup;
			children = (
				2C86F7142E17605D00003D84 /* EF25HealthApp.app */,
			);
			name = Products;
			sourceTree = "<group>";
		};
		2C86F7352E17609500003D84 /* EF25HealthApp */ = {
			isa = PBXGroup;
			children = (
				2C86F7A62E17F75800003D84 /* CustomView */,
				2C86F73D2E1761C600003D84 /* Intro */,
				2C86F73E2E1761CD00003D84 /* Report */,
				2C86F73F2E1761DF00003D84 /* Settings */,
				2C86F7CB2E1B31C700003D84 /* TabBarController */,
				2CD0678B2E26C0F500B7E59B /* Resources */,
				2CD067902E26C15F00B7E59B /* LifeCycle */,
				2C86F7342E17609500003D84 /* ViewController.swift */,
				2C86F72E2E17609500003D84 /* Info.plist */,
				2C86F7302E17609500003D84 /* LaunchScreen.storyboard */,
				2C86F7322E17609500003D84 /* Main.storyboard */,
			);
			path = EF25HealthApp;
			sourceTree = "<group>";
		};
		2C86F73D2E1761C600003D84 /* Intro */ = {
			isa = PBXGroup;
			children = (
				2C86F7402E1761F100003D84 /* FirstVC */,
				2C86F7472E17622F00003D84 /* SecondVC */,
				2C86F7592E17782900003D84 /* ThirdVC */,
				2C86F7612E177F6200003D84 /* FourthVC */,
				2CEE91422E248D220025992F /* IntroVC */,
			);
			path = Intro;
			sourceTree = "<group>";
		};
		2C86F73E2E1761CD00003D84 /* Report */ = {
			isa = PBXGroup;
			children = (
				2CE2A4282E4B2E6000DBF3AF /* Manager */,
				2C86F7C82E1AF44F00003D84 /* HealthGuruObject */,
				2C86F7B72E1AF23A00003D84 /* ReportVC */,
				2C86F7B82E1AF24700003D84 /* InputVC */,
			);
			path = Report;
			sourceTree = "<group>";
		};
		2C86F73F2E1761DF00003D84 /* Settings */ = {
			isa = PBXGroup;
			children = (
				2C86F79E2E17F6BB00003D84 /* SettingsVC */,
				2C86F79F2E17F6CC00003D84 /* Profile */,
			);
			path = Settings;
			sourceTree = "<group>";
		};
		2C86F7402E1761F100003D84 /* FirstVC */ = {
			isa = PBXGroup;
			children = (
				2C86F7412E17620E00003D84 /* FirstVC.swift */,
				2C86F7422E17620E00003D84 /* FirstVC.xib */,
			);
			path = FirstVC;
			sourceTree = "<group>";
		};
		2C86F7472E17622F00003D84 /* SecondVC */ = {
			isa = PBXGroup;
			children = (
				2C86F7452E17622F00003D84 /* SecondVC.swift */,
				2C86F7462E17622F00003D84 /* SecondVC.xib */,
			);
			path = SecondVC;
			sourceTree = "<group>";
		};
		2C86F74D2E1762AF00003D84 /* CollectionCell */ = {
			isa = PBXGroup;
			children = (
				2C86F74A2E1762AF00003D84 /* ColectionCellObject.swift */,
				2C86F7522E176C9E00003D84 /* CollectionViewCell.swift */,
				2C86F7532E176C9E00003D84 /* CollectionViewCell.xib */,
			);
			path = CollectionCell;
			sourceTree = "<group>";
		};
		2C86F7592E17782900003D84 /* ThirdVC */ = {
			isa = PBXGroup;
			children = (
				2C86F7662E17802400003D84 /* ThirdVC.swift */,
				2C86F7672E17802400003D84 /* ThirdVC.xib */,
			);
			path = ThirdVC;
			sourceTree = "<group>";
		};
		2C86F7612E177F6200003D84 /* FourthVC */ = {
			isa = PBXGroup;
			children = (
				2C86F7572E17782900003D84 /* FourthVC.swift */,
				2C86F7582E17782900003D84 /* FourthVC.xib */,
			);
			path = FourthVC;
			sourceTree = "<group>";
		};
		2C86F76E2E17E1EB00003D84 /* TableViewCell */ = {
			isa = PBXGroup;
			children = (
				2C86F79C2E17E5F700003D84 /* SettingsCellObject.swift */,
				2C86F76F2E17E24E00003D84 /* SettingsCell.swift */,
				2C86F7702E17E24E00003D84 /* SettingsCell.xib */,
			);
			path = TableViewCell;
			sourceTree = "<group>";
		};
		2C86F79E2E17F6BB00003D84 /* SettingsVC */ = {
			isa = PBXGroup;
			children = (
				2C86F76A2E17DE8600003D84 /* SettingsVC.swift */,
				2C86F76B2E17DE8600003D84 /* SettingsVC.xib */,
				2C86F76E2E17E1EB00003D84 /* TableViewCell */,
			);
			path = SettingsVC;
			sourceTree = "<group>";
		};
		2C86F79F2E17F6CC00003D84 /* Profile */ = {
			isa = PBXGroup;
			children = (
				2C86F7AC2E17F83F00003D84 /* ProfileVC */,
				2C86F7AB2E17F7B800003D84 /* InformationVC */,
			);
			path = Profile;
			sourceTree = "<group>";
		};
		2C86F7A62E17F75800003D84 /* CustomView */ = {
			isa = PBXGroup;
			children = (
				2C86F7A42E17F75800003D84 /* CustomView.swift */,
				2C86F7A52E17F75800003D84 /* CustomView.xib */,
				2C91A2152E4C36110026A073 /* DeleteAlertVC.swift */,
				2C91A2162E4C36110026A073 /* DeleteAlertVC.xib */,
			);
			path = CustomView;
			sourceTree = "<group>";
		};
		2C86F7AB2E17F7B800003D84 /* InformationVC */ = {
			isa = PBXGroup;
			children = (
				2C86F7A02E17F73900003D84 /* InformationVC.swift */,
				2C86F7A12E17F73900003D84 /* InformationVC.xib */,
			);
			path = InformationVC;
			sourceTree = "<group>";
		};
		2C86F7AC2E17F83F00003D84 /* ProfileVC */ = {
			isa = PBXGroup;
			children = (
				2C86F7AD2E17F87C00003D84 /* ProfileObject.swift */,
				2C86F7AF2E17F88B00003D84 /* ProfileVC.swift */,
				2C86F7B02E17F88B00003D84 /* ProfileVC.xib */,
			);
			path = ProfileVC;
			sourceTree = "<group>";
		};
		2C86F7B72E1AF23A00003D84 /* ReportVC */ = {
			isa = PBXGroup;
			children = (
				2C86F7B32E1AAB3700003D84 /* ReportVC.swift */,
				2C86F7B42E1AAB3700003D84 /* ReportVC.xib */,
				2C86F7BD2E1AF28100003D84 /* TableViewCell */,
			);
			path = ReportVC;
			sourceTree = "<group>";
		};
		2C86F7B82E1AF24700003D84 /* InputVC */ = {
			isa = PBXGroup;
			children = (
				2C86F7B92E1AF26B00003D84 /* InputVC.swift */,
				2C86F7BA2E1AF26B00003D84 /* InputVC.xib */,
			);
			path = InputVC;
			sourceTree = "<group>";
		};
		2C86F7BD2E1AF28100003D84 /* TableViewCell */ = {
			isa = PBXGroup;
			children = (
				2C86F7C62E1AF3D300003D84 /* ReportCell */,
				2C86F7C72E1AF40300003D84 /* TrackDailyCell */,
			);
			path = TableViewCell;
			sourceTree = "<group>";
		};
		2C86F7C62E1AF3D300003D84 /* ReportCell */ = {
			isa = PBXGroup;
			children = (
				2C86F7BE2E1AF31F00003D84 /* ReportCell.swift */,
				2C86F7BF2E1AF31F00003D84 /* ReportCell.xib */,
			);
			path = ReportCell;
			sourceTree = "<group>";
		};
		2C86F7C72E1AF40300003D84 /* TrackDailyCell */ = {
			isa = PBXGroup;
			children = (
				2C86F7C22E1AF34100003D84 /* TrackDailyCell.swift */,
				2C86F7C32E1AF34100003D84 /* TrackDailyCell.xib */,
			);
			path = TrackDailyCell;
			sourceTree = "<group>";
		};
		2C86F7C82E1AF44F00003D84 /* HealthGuruObject */ = {
			isa = PBXGroup;
			children = (
				2C86F7C92E1AF45C00003D84 /* HealthGuruObject.swift */,
			);
			path = HealthGuruObject;
			sourceTree = "<group>";
		};
		2C86F7CB2E1B31C700003D84 /* TabBarController */ = {
			isa = PBXGroup;
			children = (
				2C86F7CC2E1B322900003D84 /* TabBarController.swift */,
				2C86F7D02E1B357100003D84 /* TabBarAppearance.swift */,
			);
			path = TabBarController;
			sourceTree = "<group>";
		};
		2CD0678B2E26C0F500B7E59B /* Resources */ = {
			isa = PBXGroup;
			children = (
				2C86F72D2E17609500003D84 /* Assets.xcassets */,
			);
			path = Resources;
			sourceTree = "<group>";
		};
		2CD067902E26C15F00B7E59B /* LifeCycle */ = {
			isa = PBXGroup;
			children = (
				2C86F72C2E17609500003D84 /* AppDelegate.swift */,
				2C86F7332E17609500003D84 /* SceneDelegate.swift */,
			);
			path = LifeCycle;
			sourceTree = "<group>";
		};
		2CE2A4282E4B2E6000DBF3AF /* Manager */ = {
			isa = PBXGroup;
			children = (
				2CE2A4292E4B2E7200DBF3AF /* RealmManager.swift */,
			);
			path = Manager;
			sourceTree = "<group>";
		};
		2CEE91422E248D220025992F /* IntroVC */ = {
			isa = PBXGroup;
			children = (
				2CEE91432E248D840025992F /* IntroVC.swift */,
				2CEE91472E248F120025992F /* IntroVC.xib */,
				2CEE91492E248FD00025992F /* NestedCollectionView */,
				2C86F74D2E1762AF00003D84 /* CollectionCell */,
			);
			path = IntroVC;
			sourceTree = "<group>";
		};
		2CEE91492E248FD00025992F /* NestedCollectionView */ = {
			isa = PBXGroup;
			children = (
				2CEE914A2E2490290025992F /* NestedCollectionViewCell.swift */,
				2CEE914B2E2490290025992F /* NestedCollectionViewCell.xib */,
			);
			path = NestedCollectionView;
			sourceTree = "<group>";
		};
		2F62A941319E5F3AFC3C215A /* Pods */ = {
			isa = PBXGroup;
			children = (
				CF1D77C8D8CEDF167EECE8CA /* Pods-EF25HealthApp.debug.xcconfig */,
				F590F3EFA94637B02D7112EB /* Pods-EF25HealthApp.release.xcconfig */,
			);
			path = Pods;
			sourceTree = "<group>";
		};
		3AD6051B8C9F4F0EEC3540B2 /* Frameworks */ = {
			isa = PBXGroup;
			children = (
				6F7EA58D5DC1ADC9956ACCDB /* Pods_EF25HealthApp.framework */,
			);
			name = Frameworks;
			sourceTree = "<group>";
		};
/* End PBXGroup section */

/* Begin PBXNativeTarget section */
		2C86F7132E17605D00003D84 /* EF25HealthApp */ = {
			isa = PBXNativeTarget;
			buildConfigurationList = 2C86F7272E17605F00003D84 /* Build configuration list for PBXNativeTarget "EF25HealthApp" */;
			buildPhases = (
				43DA65A9AFF9052612D9B1D0 /* [CP] Check Pods Manifest.lock */,
				2C86F7102E17605D00003D84 /* Sources */,
				2C86F7112E17605D00003D84 /* Frameworks */,
				2C86F7122E17605D00003D84 /* Resources */,
				C46C6C13D114E2C7D172DE25 /* [CP] Embed Pods Frameworks */,
			);
			buildRules = (
			);
			dependencies = (
			);
			name = EF25HealthApp;
			productName = EF25HealthApp;
			productReference = 2C86F7142E17605D00003D84 /* EF25HealthApp.app */;
			productType = "com.apple.product-type.application";
		};
/* End PBXNativeTarget section */

/* Begin PBXProject section */
		2C86F70C2E17605D00003D84 /* Project object */ = {
			isa = PBXProject;
			attributes = {
				BuildIndependentTargetsInParallel = 1;
				LastSwiftUpdateCheck = 1640;
				LastUpgradeCheck = 1640;
				TargetAttributes = {
					2C86F7132E17605D00003D84 = {
						CreatedOnToolsVersion = 16.4;
					};
				};
			};
			buildConfigurationList = 2C86F70F2E17605D00003D84 /* Build configuration list for PBXProject "EF25HealthApp" */;
			developmentRegion = en;
			hasScannedForEncodings = 0;
			knownRegions = (
				en,
				Base,
			);
			mainGroup = 2C86F70B2E17605D00003D84;
			minimizedProjectReferenceProxies = 1;
			preferredProjectObjectVersion = 77;
			productRefGroup = 2C86F7152E17605D00003D84 /* Products */;
			projectDirPath = "";
			projectRoot = "";
			targets = (
				2C86F7132E17605D00003D84 /* EF25HealthApp */,
			);
		};
/* End PBXProject section */

/* Begin PBXResourcesBuildPhase section */
		2C86F7122E17605D00003D84 /* Resources */ = {
			isa = PBXResourcesBuildPhase;
			buildActionMask = 2147483647;
			files = (
				2C86F7682E17802400003D84 /* ThirdVC.xib in Resources */,
				2C86F75B2E17782900003D84 /* FourthVC.xib in Resources */,
				2C86F7482E17622F00003D84 /* SecondVC.xib in Resources */,
				2C86F7A32E17F73900003D84 /* InformationVC.xib in Resources */,
				2C86F7B62E1AAB3700003D84 /* ReportVC.xib in Resources */,
				2C86F7C52E1AF34100003D84 /* TrackDailyCell.xib in Resources */,
				2C91A2172E4C36110026A073 /* DeleteAlertVC.xib in Resources */,
				2C86F7362E17609500003D84 /* Assets.xcassets in Resources */,
				2C86F7A82E17F75800003D84 /* CustomView.xib in Resources */,
				2C86F7542E176C9E00003D84 /* CollectionViewCell.xib in Resources */,
				2C86F7432E17620E00003D84 /* FirstVC.xib in Resources */,
				2C86F7BC2E1AF26B00003D84 /* InputVC.xib in Resources */,
				2C86F76D2E17DE8600003D84 /* SettingsVC.xib in Resources */,
				2C86F7C12E1AF31F00003D84 /* ReportCell.xib in Resources */,
				2C86F7382E17609500003D84 /* LaunchScreen.storyboard in Resources */,
				2CEE914D2E2490290025992F /* NestedCollectionViewCell.xib in Resources */,
				2C86F7722E17E24E00003D84 /* SettingsCell.xib in Resources */,
				2C86F7392E17609500003D84 /* Main.storyboard in Resources */,
				2C86F7B22E17F88B00003D84 /* ProfileVC.xib in Resources */,
				2CEE91482E248F120025992F /* IntroVC.xib in Resources */,
			);
			runOnlyForDeploymentPostprocessing = 0;
		};
/* End PBXResourcesBuildPhase section */

/* Begin PBXShellScriptBuildPhase section */
		43DA65A9AFF9052612D9B1D0 /* [CP] Check Pods Manifest.lock */ = {
			isa = PBXShellScriptBuildPhase;
			buildActionMask = 2147483647;
			files = (
			);
			inputFileListPaths = (
			);
			inputPaths = (
				"${PODS_PODFILE_DIR_PATH}/Podfile.lock",
				"${PODS_ROOT}/Manifest.lock",
			);
			name = "[CP] Check Pods Manifest.lock";
			outputFileListPaths = (
			);
			outputPaths = (
				"$(DERIVED_FILE_DIR)/Pods-EF25HealthApp-checkManifestLockResult.txt",
			);
			runOnlyForDeploymentPostprocessing = 0;
			shellPath = /bin/sh;
			shellScript = "diff \"${PODS_PODFILE_DIR_PATH}/Podfile.lock\" \"${PODS_ROOT}/Manifest.lock\" > /dev/null\nif [ $? != 0 ] ; then\n    # print error to STDERR\n    echo \"error: The sandbox is not in sync with the Podfile.lock. Run 'pod install' or update your CocoaPods installation.\" >&2\n    exit 1\nfi\n# This output is used by Xcode 'outputs' to avoid re-running this script phase.\necho \"SUCCESS\" > \"${SCRIPT_OUTPUT_FILE_0}\"\n";
			showEnvVarsInLog = 0;
		};
		C46C6C13D114E2C7D172DE25 /* [CP] Embed Pods Frameworks */ = {
			isa = PBXShellScriptBuildPhase;
			buildActionMask = 2147483647;
			files = (
			);
			inputFileListPaths = (
				"${PODS_ROOT}/Target Support Files/Pods-EF25HealthApp/Pods-EF25HealthApp-frameworks-${CONFIGURATION}-input-files.xcfilelist",
			);
			inputPaths = (
			);
			name = "[CP] Embed Pods Frameworks";
			outputFileListPaths = (
				"${PODS_ROOT}/Target Support Files/Pods-EF25HealthApp/Pods-EF25HealthApp-frameworks-${CONFIGURATION}-output-files.xcfilelist",
			);
			outputPaths = (
			);
			runOnlyForDeploymentPostprocessing = 0;
			shellPath = /bin/sh;
			shellScript = "\"${PODS_ROOT}/Target Support Files/Pods-EF25HealthApp/Pods-EF25HealthApp-frameworks.sh\"\n";
			showEnvVarsInLog = 0;
		};
/* End PBXShellScriptBuildPhase section */

/* Begin PBXSourcesBuildPhase section */
		2C86F7102E17605D00003D84 /* Sources */ = {
			isa = PBXSourcesBuildPhase;
			buildActionMask = 2147483647;
			files = (
				2C86F7692E17802400003D84 /* ThirdVC.swift in Sources */,
				2C86F73A2E17609500003D84 /* AppDelegate.swift in Sources */,
				2C86F7492E17622F00003D84 /* SecondVC.swift in Sources */,
				2C86F7CE2E1B322900003D84 /* TabBarController.swift in Sources */,
				2C86F7D12E1B357100003D84 /* TabBarAppearance.swift in Sources */,
				2CEE91452E248D840025992F /* IntroVC.swift in Sources */,
				2C86F7A72E17F75800003D84 /* CustomView.swift in Sources */,
				2C86F7B12E17F88B00003D84 /* ProfileVC.swift in Sources */,
				2C86F7442E17620E00003D84 /* FirstVC.swift in Sources */,
				2C86F7552E176C9E00003D84 /* CollectionViewCell.swift in Sources */,
				2C86F7B52E1AAB3700003D84 /* ReportVC.swift in Sources */,
				2C86F7AE2E17F87C00003D84 /* ProfileObject.swift in Sources */,
				2C86F73B2E17609500003D84 /* SceneDelegate.swift in Sources */,
				2CE2A42A2E4B2E7800DBF3AF /* RealmManager.swift in Sources */,
				2C86F7712E17E24E00003D84 /* SettingsCell.swift in Sources */,
				2C86F7BB2E1AF26B00003D84 /* InputVC.swift in Sources */,
				2C86F79D2E17E5F700003D84 /* SettingsCellObject.swift in Sources */,
				2C86F74F2E1762AF00003D84 /* ColectionCellObject.swift in Sources */,
				2C86F75A2E17782900003D84 /* FourthVC.swift in Sources */,
				2C86F7CA2E1AF46400003D84 /* HealthGuruObject.swift in Sources */,
				2C86F7C42E1AF34100003D84 /* TrackDailyCell.swift in Sources */,
				2C91A2182E4C36110026A073 /* DeleteAlertVC.swift in Sources */,
				2C86F7A22E17F73900003D84 /* InformationVC.swift in Sources */,
				2C86F7C02E1AF31F00003D84 /* ReportCell.swift in Sources */,
				2C86F73C2E17609500003D84 /* ViewController.swift in Sources */,
				2C86F76C2E17DE8600003D84 /* SettingsVC.swift in Sources */,
				2CEE914C2E2490290025992F /* NestedCollectionViewCell.swift in Sources */,
			);
			runOnlyForDeploymentPostprocessing = 0;
		};
/* End PBXSourcesBuildPhase section */

/* Begin PBXVariantGroup section */
		2C86F7302E17609500003D84 /* LaunchScreen.storyboard */ = {
			isa = PBXVariantGroup;
			children = (
				2C86F72F2E17609500003D84 /* Base */,
			);
			name = LaunchScreen.storyboard;
			sourceTree = "<group>";
		};
		2C86F7322E17609500003D84 /* Main.storyboard */ = {
			isa = PBXVariantGroup;
			children = (
				2C86F7312E17609500003D84 /* Base */,
			);
			name = Main.storyboard;
			sourceTree = "<group>";
		};
/* End PBXVariantGroup section */

/* Begin XCBuildConfiguration section */
		2C86F7282E17605F00003D84 /* Debug */ = {
			isa = XCBuildConfiguration;
			baseConfigurationReference = CF1D77C8D8CEDF167EECE8CA /* Pods-EF25HealthApp.debug.xcconfig */;
			buildSettings = {
				ASSETCATALOG_COMPILER_APPICON_NAME = AppIcon;
				ASSETCATALOG_COMPILER_GLOBAL_ACCENT_COLOR_NAME = AccentColor;
				CODE_SIGN_STYLE = Automatic;
				CURRENT_PROJECT_VERSION = 1;
				GENERATE_INFOPLIST_FILE = YES;
				INFOPLIST_FILE = EF25HealthApp/Info.plist;
				INFOPLIST_KEY_UIApplicationSupportsIndirectInputEvents = YES;
				INFOPLIST_KEY_UILaunchStoryboardName = LaunchScreen;
				INFOPLIST_KEY_UIMainStoryboardFile = Main;
				INFOPLIST_KEY_UISupportedInterfaceOrientations_iPad = "UIInterfaceOrientationPortrait UIInterfaceOrientationPortraitUpsideDown UIInterfaceOrientationLandscapeLeft UIInterfaceOrientationLandscapeRight";
				INFOPLIST_KEY_UISupportedInterfaceOrientations_iPhone = "UIInterfaceOrientationPortrait UIInterfaceOrientationLandscapeLeft UIInterfaceOrientationLandscapeRight";
				LD_RUNPATH_SEARCH_PATHS = (
					"$(inherited)",
					"@executable_path/Frameworks",
				);
				MARKETING_VERSION = 1.0;
				PRODUCT_BUNDLE_IDENTIFIER = com.example.EF25HealthApp;
				PRODUCT_NAME = "$(TARGET_NAME)";
				SUPPORTED_PLATFORMS = "iphoneos iphonesimulator";
				SUPPORTS_MACCATALYST = NO;
				SUPPORTS_MAC_DESIGNED_FOR_IPHONE_IPAD = NO;
				SUPPORTS_XR_DESIGNED_FOR_IPHONE_IPAD = NO;
				SWIFT_EMIT_LOC_STRINGS = YES;
				SWIFT_VERSION = 5.0;
				TARGETED_DEVICE_FAMILY = 1;
			};
			name = Debug;
		};
		2C86F7292E17605F00003D84 /* Release */ = {
			isa = XCBuildConfiguration;
			baseConfigurationReference = F590F3EFA94637B02D7112EB /* Pods-EF25HealthApp.release.xcconfig */;
			buildSettings = {
				ASSETCATALOG_COMPILER_APPICON_NAME = AppIcon;
				ASSETCATALOG_COMPILER_GLOBAL_ACCENT_COLOR_NAME = AccentColor;
				CODE_SIGN_STYLE = Automatic;
				CURRENT_PROJECT_VERSION = 1;
				GENERATE_INFOPLIST_FILE = YES;
				INFOPLIST_FILE = EF25HealthApp/Info.plist;
				INFOPLIST_KEY_UIApplicationSupportsIndirectInputEvents = YES;
				INFOPLIST_KEY_UILaunchStoryboardName = LaunchScreen;
				INFOPLIST_KEY_UIMainStoryboardFile = Main;
				INFOPLIST_KEY_UISupportedInterfaceOrientations_iPad = "UIInterfaceOrientationPortrait UIInterfaceOrientationPortraitUpsideDown UIInterfaceOrientationLandscapeLeft UIInterfaceOrientationLandscapeRight";
				INFOPLIST_KEY_UISupportedInterfaceOrientations_iPhone = "UIInterfaceOrientationPortrait UIInterfaceOrientationLandscapeLeft UIInterfaceOrientationLandscapeRight";
				LD_RUNPATH_SEARCH_PATHS = (
					"$(inherited)",
					"@executable_path/Frameworks",
				);
				MARKETING_VERSION = 1.0;
				PRODUCT_BUNDLE_IDENTIFIER = com.example.EF25HealthApp;
				PRODUCT_NAME = "$(TARGET_NAME)";
				SUPPORTED_PLATFORMS = "iphoneos iphonesimulator";
				SUPPORTS_MACCATALYST = NO;
				SUPPORTS_MAC_DESIGNED_FOR_IPHONE_IPAD = NO;
				SUPPORTS_XR_DESIGNED_FOR_IPHONE_IPAD = NO;
				SWIFT_EMIT_LOC_STRINGS = YES;
				SWIFT_VERSION = 5.0;
				TARGETED_DEVICE_FAMILY = 1;
			};
			name = Release;
		};
		2C86F72A2E17605F00003D84 /* Debug */ = {
			isa = XCBuildConfiguration;
			buildSettings = {
				ALWAYS_SEARCH_USER_PATHS = NO;
				ASSETCATALOG_COMPILER_GENERATE_SWIFT_ASSET_SYMBOL_EXTENSIONS = YES;
				CLANG_ANALYZER_NONNULL = YES;
				CLANG_ANALYZER_NUMBER_OBJECT_CONVERSION = YES_AGGRESSIVE;
				CLANG_CXX_LANGUAGE_STANDARD = "gnu++20";
				CLANG_ENABLE_MODULES = YES;
				CLANG_ENABLE_OBJC_ARC = YES;
				CLANG_ENABLE_OBJC_WEAK = YES;
				CLANG_WARN_BLOCK_CAPTURE_AUTORELEASING = YES;
				CLANG_WARN_BOOL_CONVERSION = YES;
				CLANG_WARN_COMMA = YES;
				CLANG_WARN_CONSTANT_CONVERSION = YES;
				CLANG_WARN_DEPRECATED_OBJC_IMPLEMENTATIONS = YES;
				CLANG_WARN_DIRECT_OBJC_ISA_USAGE = YES_ERROR;
				CLANG_WARN_DOCUMENTATION_COMMENTS = YES;
				CLANG_WARN_EMPTY_BODY = YES;
				CLANG_WARN_ENUM_CONVERSION = YES;
				CLANG_WARN_INFINITE_RECURSION = YES;
				CLANG_WARN_INT_CONVERSION = YES;
				CLANG_WARN_NON_LITERAL_NULL_CONVERSION = YES;
				CLANG_WARN_OBJC_IMPLICIT_RETAIN_SELF = YES;
				CLANG_WARN_OBJC_LITERAL_CONVERSION = YES;
				CLANG_WARN_OBJC_ROOT_CLASS = YES_ERROR;
				CLANG_WARN_QUOTED_INCLUDE_IN_FRAMEWORK_HEADER = YES;
				CLANG_WARN_RANGE_LOOP_ANALYSIS = YES;
				CLANG_WARN_STRICT_PROTOTYPES = YES;
				CLANG_WARN_SUSPICIOUS_MOVE = YES;
				CLANG_WARN_UNGUARDED_AVAILABILITY = YES_AGGRESSIVE;
				CLANG_WARN_UNREACHABLE_CODE = YES;
				CLANG_WARN__DUPLICATE_METHOD_MATCH = YES;
				COPY_PHASE_STRIP = NO;
				DEBUG_INFORMATION_FORMAT = dwarf;
				ENABLE_STRICT_OBJC_MSGSEND = YES;
				ENABLE_TESTABILITY = YES;
				ENABLE_USER_SCRIPT_SANDBOXING = NO;
				GCC_C_LANGUAGE_STANDARD = gnu17;
				GCC_DYNAMIC_NO_PIC = NO;
				GCC_NO_COMMON_BLOCKS = YES;
				GCC_OPTIMIZATION_LEVEL = 0;
				GCC_PREPROCESSOR_DEFINITIONS = (
					"DEBUG=1",
					"$(inherited)",
				);
				GCC_WARN_64_TO_32_BIT_CONVERSION = YES;
				GCC_WARN_ABOUT_RETURN_TYPE = YES_ERROR;
				GCC_WARN_UNDECLARED_SELECTOR = YES;
				GCC_WARN_UNINITIALIZED_AUTOS = YES_AGGRESSIVE;
				GCC_WARN_UNUSED_FUNCTION = YES;
				GCC_WARN_UNUSED_VARIABLE = YES;
				IPHONEOS_DEPLOYMENT_TARGET = 18.5;
				LOCALIZATION_PREFERS_STRING_CATALOGS = YES;
				MTL_ENABLE_DEBUG_INFO = INCLUDE_SOURCE;
				MTL_FAST_MATH = YES;
				ONLY_ACTIVE_ARCH = YES;
				SDKROOT = iphoneos;
				SWIFT_ACTIVE_COMPILATION_CONDITIONS = "DEBUG $(inherited)";
				SWIFT_OPTIMIZATION_LEVEL = "-Onone";
			};
			name = Debug;
		};
		2C86F72B2E17605F00003D84 /* Release */ = {
			isa = XCBuildConfiguration;
			buildSettings = {
				ALWAYS_SEARCH_USER_PATHS = NO;
				ASSETCATALOG_COMPILER_GENERATE_SWIFT_ASSET_SYMBOL_EXTENSIONS = YES;
				CLANG_ANALYZER_NONNULL = YES;
				CLANG_ANALYZER_NUMBER_OBJECT_CONVERSION = YES_AGGRESSIVE;
				CLANG_CXX_LANGUAGE_STANDARD = "gnu++20";
				CLANG_ENABLE_MODULES = YES;
				CLANG_ENABLE_OBJC_ARC = YES;
				CLANG_ENABLE_OBJC_WEAK = YES;
				CLANG_WARN_BLOCK_CAPTURE_AUTORELEASING = YES;
				CLANG_WARN_BOOL_CONVERSION = YES;
				CLANG_WARN_COMMA = YES;
				CLANG_WARN_CONSTANT_CONVERSION = YES;
				CLANG_WARN_DEPRECATED_OBJC_IMPLEMENTATIONS = YES;
				CLANG_WARN_DIRECT_OBJC_ISA_USAGE = YES_ERROR;
				CLANG_WARN_DOCUMENTATION_COMMENTS = YES;
				CLANG_WARN_EMPTY_BODY = YES;
				CLANG_WARN_ENUM_CONVERSION = YES;
				CLANG_WARN_INFINITE_RECURSION = YES;
				CLANG_WARN_INT_CONVERSION = YES;
				CLANG_WARN_NON_LITERAL_NULL_CONVERSION = YES;
				CLANG_WARN_OBJC_IMPLICIT_RETAIN_SELF = YES;
				CLANG_WARN_OBJC_LITERAL_CONVERSION = YES;
				CLANG_WARN_OBJC_ROOT_CLASS = YES_ERROR;
				CLANG_WARN_QUOTED_INCLUDE_IN_FRAMEWORK_HEADER = YES;
				CLANG_WARN_RANGE_LOOP_ANALYSIS = YES;
				CLANG_WARN_STRICT_PROTOTYPES = YES;
				CLANG_WARN_SUSPICIOUS_MOVE = YES;
				CLANG_WARN_UNGUARDED_AVAILABILITY = YES_AGGRESSIVE;
				CLANG_WARN_UNREACHABLE_CODE = YES;
				CLANG_WARN__DUPLICATE_METHOD_MATCH = YES;
				COPY_PHASE_STRIP = NO;
				DEBUG_INFORMATION_FORMAT = "dwarf-with-dsym";
				ENABLE_NS_ASSERTIONS = NO;
				ENABLE_STRICT_OBJC_MSGSEND = YES;
				ENABLE_USER_SCRIPT_SANDBOXING = NO;
				GCC_C_LANGUAGE_STANDARD = gnu17;
				GCC_NO_COMMON_BLOCKS = YES;
				GCC_WARN_64_TO_32_BIT_CONVERSION = YES;
				GCC_WARN_ABOUT_RETURN_TYPE = YES_ERROR;
				GCC_WARN_UNDECLARED_SELECTOR = YES;
				GCC_WARN_UNINITIALIZED_AUTOS = YES_AGGRESSIVE;
				GCC_WARN_UNUSED_FUNCTION = YES;
				GCC_WARN_UNUSED_VARIABLE = YES;
				IPHONEOS_DEPLOYMENT_TARGET = 18.5;
				LOCALIZATION_PREFERS_STRING_CATALOGS = YES;
				MTL_ENABLE_DEBUG_INFO = NO;
				MTL_FAST_MATH = YES;
				SDKROOT = iphoneos;
				SWIFT_COMPILATION_MODE = wholemodule;
				VALIDATE_PRODUCT = YES;
			};
			name = Release;
		};
/* End XCBuildConfiguration section */

/* Begin XCConfigurationList section */
		2C86F70F2E17605D00003D84 /* Build configuration list for PBXProject "EF25HealthApp" */ = {
			isa = XCConfigurationList;
			buildConfigurations = (
				2C86F72A2E17605F00003D84 /* Debug */,
				2C86F72B2E17605F00003D84 /* Release */,
			);
			defaultConfigurationIsVisible = 0;
			defaultConfigurationName = Release;
		};
		2C86F7272E17605F00003D84 /* Build configuration list for PBXNativeTarget "EF25HealthApp" */ = {
			isa = XCConfigurationList;
			buildConfigurations = (
				2C86F7282E17605F00003D84 /* Debug */,
				2C86F7292E17605F00003D84 /* Release */,
			);
			defaultConfigurationIsVisible = 0;
			defaultConfigurationName = Release;
		};
/* End XCConfigurationList section */
	};
	rootObject = 2C86F70C2E17605D00003D84 /* Project object */;
}
